// !$*UTF8*$!
{
	archiveVersion = 1;
	classes = {
	};
	objectVersion = 52;
	objects = {

/* Begin PBXBuildFile section */
		48E142C9274F7530007B3395 /* AppDelegate.swift in Sources */ = {isa = PBXBuildFile; fileRef = 48E142C8274F7530007B3395 /* AppDelegate.swift */; };
		48E142CB274F7530007B3395 /* SceneDelegate.swift in Sources */ = {isa = PBXBuildFile; fileRef = 48E142CA274F7530007B3395 /* SceneDelegate.swift */; };
		48E142D0274F7530007B3395 /* Main.storyboard in Resources */ = {isa = PBXBuildFile; fileRef = 48E142CE274F7530007B3395 /* Main.storyboard */; };
		48E142D2274F7533007B3395 /* Assets.xcassets in Resources */ = {isa = PBXBuildFile; fileRef = 48E142D1274F7533007B3395 /* Assets.xcassets */; };
		48E142D5274F7533007B3395 /* LaunchScreen.storyboard in Resources */ = {isa = PBXBuildFile; fileRef = 48E142D3274F7533007B3395 /* LaunchScreen.storyboard */; };
		48E142DF274F768E007B3395 /* CharacterTVC.swift in Sources */ = {isa = PBXBuildFile; fileRef = 48E142DE274F768E007B3395 /* CharacterTVC.swift */; };
		48E142E3274F779B007B3395 /* Alamofire in Frameworks */ = {isa = PBXBuildFile; productRef = 48E142E2274F779B007B3395 /* Alamofire */; };
		48E142E7274F77C8007B3395 /* AlamofireImage in Frameworks */ = {isa = PBXBuildFile; productRef = 48E142E6274F77C8007B3395 /* AlamofireImage */; };
		48E142EB274F77DD007B3395 /* ObjectMapper in Frameworks */ = {isa = PBXBuildFile; productRef = 48E142EA274F77DD007B3395 /* ObjectMapper */; };
		48E142EE274F7817007B3395 /* RMCharacterResponse.swift in Sources */ = {isa = PBXBuildFile; fileRef = 48E142ED274F7817007B3395 /* RMCharacterResponse.swift */; };
		48E142F1274F7866007B3395 /* RMCharacter.swift in Sources */ = {isa = PBXBuildFile; fileRef = 48E142F0274F7866007B3395 /* RMCharacter.swift */; };
		48E14301274F855B007B3395 /* CharacterCell.swift in Sources */ = {isa = PBXBuildFile; fileRef = 48E142FF274F855B007B3395 /* CharacterCell.swift */; };
		48E14302274F855B007B3395 /* CharacterCell.xib in Resources */ = {isa = PBXBuildFile; fileRef = 48E14300274F855B007B3395 /* CharacterCell.xib */; };
		48E14305274FB00E007B3395 /* DetailVC.swift in Sources */ = {isa = PBXBuildFile; fileRef = 48E14304274FB00E007B3395 /* DetailVC.swift */; };
		48E14308274FD6A0007B3395 /* CharacterCVC.swift in Sources */ = {isa = PBXBuildFile; fileRef = 48E14307274FD6A0007B3395 /* CharacterCVC.swift */; };
		48E14312274FD867007B3395 /* CharacterCollectionCell.swift in Sources */ = {isa = PBXBuildFile; fileRef = 48E14310274FD867007B3395 /* CharacterCollectionCell.swift */; };
		48E14313274FD867007B3395 /* CharacterCollectionCell.xib in Resources */ = {isa = PBXBuildFile; fileRef = 48E14311274FD867007B3395 /* CharacterCollectionCell.xib */; };
/* End PBXBuildFile section */

/* Begin PBXFileReference section */
		48E142C5274F7530007B3395 /* RickMortyV2.app */ = {isa = PBXFileReference; explicitFileType = wrapper.application; includeInIndex = 0; path = RickMortyV2.app; sourceTree = BUILT_PRODUCTS_DIR; };
		48E142C8274F7530007B3395 /* AppDelegate.swift */ = {isa = PBXFileReference; lastKnownFileType = sourcecode.swift; path = AppDelegate.swift; sourceTree = "<group>"; };
		48E142CA274F7530007B3395 /* SceneDelegate.swift */ = {isa = PBXFileReference; lastKnownFileType = sourcecode.swift; path = SceneDelegate.swift; sourceTree = "<group>"; };
		48E142CF274F7530007B3395 /* Base */ = {isa = PBXFileReference; lastKnownFileType = file.storyboard; name = Base; path = Base.lproj/Main.storyboard; sourceTree = "<group>"; };
		48E142D1274F7533007B3395 /* Assets.xcassets */ = {isa = PBXFileReference; lastKnownFileType = folder.assetcatalog; path = Assets.xcassets; sourceTree = "<group>"; };
		48E142D4274F7533007B3395 /* Base */ = {isa = PBXFileReference; lastKnownFileType = file.storyboard; name = Base; path = Base.lproj/LaunchScreen.storyboard; sourceTree = "<group>"; };
		48E142D6274F7533007B3395 /* Info.plist */ = {isa = PBXFileReference; lastKnownFileType = text.plist.xml; path = Info.plist; sourceTree = "<group>"; };
		48E142DE274F768E007B3395 /* CharacterTVC.swift */ = {isa = PBXFileReference; lastKnownFileType = sourcecode.swift; path = CharacterTVC.swift; sourceTree = "<group>"; };
		48E142ED274F7817007B3395 /* RMCharacterResponse.swift */ = {isa = PBXFileReference; lastKnownFileType = sourcecode.swift; path = RMCharacterResponse.swift; sourceTree = "<group>"; };
		48E142F0274F7866007B3395 /* RMCharacter.swift */ = {isa = PBXFileReference; lastKnownFileType = sourcecode.swift; path = RMCharacter.swift; sourceTree = "<group>"; };
		48E142FF274F855B007B3395 /* CharacterCell.swift */ = {isa = PBXFileReference; lastKnownFileType = sourcecode.swift; path = CharacterCell.swift; sourceTree = "<group>"; };
		48E14300274F855B007B3395 /* CharacterCell.xib */ = {isa = PBXFileReference; lastKnownFileType = file.xib; path = CharacterCell.xib; sourceTree = "<group>"; };
		48E14304274FB00E007B3395 /* DetailVC.swift */ = {isa = PBXFileReference; lastKnownFileType = sourcecode.swift; path = DetailVC.swift; sourceTree = "<group>"; };
		48E14307274FD6A0007B3395 /* CharacterCVC.swift */ = {isa = PBXFileReference; lastKnownFileType = sourcecode.swift; path = CharacterCVC.swift; sourceTree = "<group>"; };
		48E14310274FD867007B3395 /* CharacterCollectionCell.swift */ = {isa = PBXFileReference; lastKnownFileType = sourcecode.swift; path = CharacterCollectionCell.swift; sourceTree = "<group>"; };
		48E14311274FD867007B3395 /* CharacterCollectionCell.xib */ = {isa = PBXFileReference; lastKnownFileType = file.xib; path = CharacterCollectionCell.xib; sourceTree = "<group>"; };
/* End PBXFileReference section */

/* Begin PBXFrameworksBuildPhase section */
		48E142C2274F7530007B3395 /* Frameworks */ = {
			isa = PBXFrameworksBuildPhase;
			buildActionMask = 2147483647;
			files = (
				48E142EB274F77DD007B3395 /* ObjectMapper in Frameworks */,
				48E142E3274F779B007B3395 /* Alamofire in Frameworks */,
				48E142E7274F77C8007B3395 /* AlamofireImage in Frameworks */,
			);
			runOnlyForDeploymentPostprocessing = 0;
		};
/* End PBXFrameworksBuildPhase section */

/* Begin PBXGroup section */
		48E142BC274F7530007B3395 = {
			isa = PBXGroup;
			children = (
				48E142C7274F7530007B3395 /* RickMortyV2 */,
				48E142C6274F7530007B3395 /* Products */,
			);
			sourceTree = "<group>";
		};
		48E142C6274F7530007B3395 /* Products */ = {
			isa = PBXGroup;
			children = (
				48E142C5274F7530007B3395 /* RickMortyV2.app */,
			);
			name = Products;
			sourceTree = "<group>";
		};
		48E142C7274F7530007B3395 /* RickMortyV2 */ = {
			isa = PBXGroup;
			children = (
				48E142C8274F7530007B3395 /* AppDelegate.swift */,
				48E142CA274F7530007B3395 /* SceneDelegate.swift */,
				48E142CE274F7530007B3395 /* Main.storyboard */,
				48E14307274FD6A0007B3395 /* CharacterCVC.swift */,
				48E14310274FD867007B3395 /* CharacterCollectionCell.swift */,
				48E14311274FD867007B3395 /* CharacterCollectionCell.xib */,
				48E142ED274F7817007B3395 /* RMCharacterResponse.swift */,
				48E142FF274F855B007B3395 /* CharacterCell.swift */,
				48E14300274F855B007B3395 /* CharacterCell.xib */,
				48E142F0274F7866007B3395 /* RMCharacter.swift */,
				48E14304274FB00E007B3395 /* DetailVC.swift */,
				48E142DE274F768E007B3395 /* CharacterTVC.swift */,
				48E142D1274F7533007B3395 /* Assets.xcassets */,
				48E142D3274F7533007B3395 /* LaunchScreen.storyboard */,
				48E142D6274F7533007B3395 /* Info.plist */,
			);
			path = RickMortyV2;
			sourceTree = "<group>";
		};
/* End PBXGroup section */

/* Begin PBXNativeTarget section */
		48E142C4274F7530007B3395 /* RickMortyV2 */ = {
			isa = PBXNativeTarget;
			buildConfigurationList = 48E142D9274F7533007B3395 /* Build configuration list for PBXNativeTarget "RickMortyV2" */;
			buildPhases = (
				48E142C1274F7530007B3395 /* Sources */,
				48E142C2274F7530007B3395 /* Frameworks */,
				48E142C3274F7530007B3395 /* Resources */,
			);
			buildRules = (
			);
			dependencies = (
			);
			name = RickMortyV2;
			packageProductDependencies = (
				48E142E2274F779B007B3395 /* Alamofire */,
				48E142E6274F77C8007B3395 /* AlamofireImage */,
				48E142EA274F77DD007B3395 /* ObjectMapper */,
			);
			productName = RickMortyV2;
			productReference = 48E142C5274F7530007B3395 /* RickMortyV2.app */;
			productType = "com.apple.product-type.application";
		};
/* End PBXNativeTarget section */

/* Begin PBXProject section */
		48E142BD274F7530007B3395 /* Project object */ = {
			isa = PBXProject;
			attributes = {
				LastSwiftUpdateCheck = 1240;
				LastUpgradeCheck = 1240;
				TargetAttributes = {
					48E142C4274F7530007B3395 = {
						CreatedOnToolsVersion = 12.4;
					};
				};
			};
			buildConfigurationList = 48E142C0274F7530007B3395 /* Build configuration list for PBXProject "RickMortyV2" */;
			compatibilityVersion = "Xcode 9.3";
			developmentRegion = en;
			hasScannedForEncodings = 0;
			knownRegions = (
				en,
				Base,
			);
			mainGroup = 48E142BC274F7530007B3395;
			packageReferences = (
				48E142E1274F779B007B3395 /* XCRemoteSwiftPackageReference "Alamofire" */,
				48E142E5274F77C8007B3395 /* XCRemoteSwiftPackageReference "AlamofireImage" */,
				48E142E9274F77DD007B3395 /* XCRemoteSwiftPackageReference "ObjectMapper" */,
			);
			productRefGroup = 48E142C6274F7530007B3395 /* Products */;
			projectDirPath = "";
			projectRoot = "";
			targets = (
				48E142C4274F7530007B3395 /* RickMortyV2 */,
			);
		};
/* End PBXProject section */

/* Begin PBXResourcesBuildPhase section */
		48E142C3274F7530007B3395 /* Resources */ = {
			isa = PBXResourcesBuildPhase;
			buildActionMask = 2147483647;
			files = (
				48E142D5274F7533007B3395 /* LaunchScreen.storyboard in Resources */,
				48E14313274FD867007B3395 /* CharacterCollectionCell.xib in Resources */,
				48E142D2274F7533007B3395 /* Assets.xcassets in Resources */,
				48E142D0274F7530007B3395 /* Main.storyboard in Resources */,
				48E14302274F855B007B3395 /* CharacterCell.xib in Resources */,
			);
			runOnlyForDeploymentPostprocessing = 0;
		};
/* End PBXResourcesBuildPhase section */

/* Begin PBXSourcesBuildPhase section */
		48E142C1274F7530007B3395 /* Sources */ = {
			isa = PBXSourcesBuildPhase;
			buildActionMask = 2147483647;
			files = (
				48E142C9274F7530007B3395 /* AppDelegate.swift in Sources */,
				48E14312274FD867007B3395 /* CharacterCollectionCell.swift in Sources */,
				48E142DF274F768E007B3395 /* CharacterTVC.swift in Sources */,
				48E142CB274F7530007B3395 /* SceneDelegate.swift in Sources */,
				48E14301274F855B007B3395 /* CharacterCell.swift in Sources */,
				48E142EE274F7817007B3395 /* RMCharacterResponse.swift in Sources */,
				48E142F1274F7866007B3395 /* RMCharacter.swift in Sources */,
				48E14308274FD6A0007B3395 /* CharacterCVC.swift in Sources */,
				48E14305274FB00E007B3395 /* DetailVC.swift in Sources */,
			);
			runOnlyForDeploymentPostprocessing = 0;
		};
/* End PBXSourcesBuildPhase section */

/* Begin PBXVariantGroup section */
		48E142CE274F7530007B3395 /* Main.storyboard */ = {
			isa = PBXVariantGroup;
			children = (
				48E142CF274F7530007B3395 /* Base */,
			);
			name = Main.storyboard;
			sourceTree = "<group>";
		};
		48E142D3274F7533007B3395 /* LaunchScreen.storyboard */ = {
			isa = PBXVariantGroup;
			children = (
				48E142D4274F7533007B3395 /* Base */,
			);
			name = LaunchScreen.storyboard;
			sourceTree = "<group>";
		};
/* End PBXVariantGroup section */

/* Begin XCBuildConfiguration section */
		48E142D7274F7533007B3395 /* Debug */ = {
			isa = XCBuildConfiguration;
			buildSettings = {
				ALWAYS_SEARCH_USER_PATHS = NO;
				CLANG_ANALYZER_NONNULL = YES;
				CLANG_ANALYZER_NUMBER_OBJECT_CONVERSION = YES_AGGRESSIVE;
				CLANG_CXX_LANGUAGE_STANDARD = "gnu++14";
				CLANG_CXX_LIBRARY = "libc++";
				CLANG_ENABLE_MODULES = YES;
				CLANG_ENABLE_OBJC_ARC = YES;
				CLANG_ENABLE_OBJC_WEAK = YES;
				CLANG_WARN_BLOCK_CAPTURE_AUTORELEASING = YES;
				CLANG_WARN_BOOL_CONVERSION = YES;
				CLANG_WARN_COMMA = YES;
				CLANG_WARN_CONSTANT_CONVERSION = YES;
				CLANG_WARN_DEPRECATED_OBJC_IMPLEMENTATIONS = YES;
				CLANG_WARN_DIRECT_OBJC_ISA_USAGE = YES_ERROR;
				CLANG_WARN_DOCUMENTATION_COMMENTS = YES;
				CLANG_WARN_EMPTY_BODY = YES;
				CLANG_WARN_ENUM_CONVERSION = YES;
				CLANG_WARN_INFINITE_RECURSION = YES;
				CLANG_WARN_INT_CONVERSION = YES;
				CLANG_WARN_NON_LITERAL_NULL_CONVERSION = YES;
				CLANG_WARN_OBJC_IMPLICIT_RETAIN_SELF = YES;
				CLANG_WARN_OBJC_LITERAL_CONVERSION = YES;
				CLANG_WARN_OBJC_ROOT_CLASS = YES_ERROR;
				CLANG_WARN_QUOTED_INCLUDE_IN_FRAMEWORK_HEADER = YES;
				CLANG_WARN_RANGE_LOOP_ANALYSIS = YES;
				CLANG_WARN_STRICT_PROTOTYPES = YES;
				CLANG_WARN_SUSPICIOUS_MOVE = YES;
				CLANG_WARN_UNGUARDED_AVAILABILITY = YES_AGGRESSIVE;
				CLANG_WARN_UNREACHABLE_CODE = YES;
				CLANG_WARN__DUPLICATE_METHOD_MATCH = YES;
				COPY_PHASE_STRIP = NO;
				DEBUG_INFORMATION_FORMAT = dwarf;
				ENABLE_STRICT_OBJC_MSGSEND = YES;
				ENABLE_TESTABILITY = YES;
				GCC_C_LANGUAGE_STANDARD = gnu11;
				GCC_DYNAMIC_NO_PIC = NO;
				GCC_NO_COMMON_BLOCKS = YES;
				GCC_OPTIMIZATION_LEVEL = 0;
				GCC_PREPROCESSOR_DEFINITIONS = (
					"DEBUG=1",
					"$(inherited)",
				);
				GCC_WARN_64_TO_32_BIT_CONVERSION = YES;
				GCC_WARN_ABOUT_RETURN_TYPE = YES_ERROR;
				GCC_WARN_UNDECLARED_SELECTOR = YES;
				GCC_WARN_UNINITIALIZED_AUTOS = YES_AGGRESSIVE;
				GCC_WARN_UNUSED_FUNCTION = YES;
				GCC_WARN_UNUSED_VARIABLE = YES;
				IPHONEOS_DEPLOYMENT_TARGET = 14.4;
				MTL_ENABLE_DEBUG_INFO = INCLUDE_SOURCE;
				MTL_FAST_MATH = YES;
				ONLY_ACTIVE_ARCH = YES;
				SDKROOT = iphoneos;
				SWIFT_ACTIVE_COMPILATION_CONDITIONS = DEBUG;
				SWIFT_OPTIMIZATION_LEVEL = "-Onone";
			};
			name = Debug;
		};
		48E142D8274F7533007B3395 /* Release */ = {
			isa = XCBuildConfiguration;
			buildSettings = {
				ALWAYS_SEARCH_USER_PATHS = NO;
				CLANG_ANALYZER_NONNULL = YES;
				CLANG_ANALYZER_NUMBER_OBJECT_CONVERSION = YES_AGGRESSIVE;
				CLANG_CXX_LANGUAGE_STANDARD = "gnu++14";
				CLANG_CXX_LIBRARY = "libc++";
				CLANG_ENABLE_MODULES = YES;
				CLANG_ENABLE_OBJC_ARC = YES;
				CLANG_ENABLE_OBJC_WEAK = YES;
				CLANG_WARN_BLOCK_CAPTURE_AUTORELEASING = YES;
				CLANG_WARN_BOOL_CONVERSION = YES;
				CLANG_WARN_COMMA = YES;
				CLANG_WARN_CONSTANT_CONVERSION = YES;
				CLANG_WARN_DEPRECATED_OBJC_IMPLEMENTATIONS = YES;
				CLANG_WARN_DIRECT_OBJC_ISA_USAGE = YES_ERROR;
				CLANG_WARN_DOCUMENTATION_COMMENTS = YES;
				CLANG_WARN_EMPTY_BODY = YES;
				CLANG_WARN_ENUM_CONVERSION = YES;
				CLANG_WARN_INFINITE_RECURSION = YES;
				CLANG_WARN_INT_CONVERSION = YES;
				CLANG_WARN_NON_LITERAL_NULL_CONVERSION = YES;
				CLANG_WARN_OBJC_IMPLICIT_RETAIN_SELF = YES;
				CLANG_WARN_OBJC_LITERAL_CONVERSION = YES;
				CLANG_WARN_OBJC_ROOT_CLASS = YES_ERROR;
				CLANG_WARN_QUOTED_INCLUDE_IN_FRAMEWORK_HEADER = YES;
				CLANG_WARN_RANGE_LOOP_ANALYSIS = YES;
				CLANG_WARN_STRICT_PROTOTYPES = YES;
				CLANG_WARN_SUSPICIOUS_MOVE = YES;
				CLANG_WARN_UNGUARDED_AVAILABILITY = YES_AGGRESSIVE;
				CLANG_WARN_UNREACHABLE_CODE = YES;
				CLANG_WARN__DUPLICATE_METHOD_MATCH = YES;
				COPY_PHASE_STRIP = NO;
				DEBUG_INFORMATION_FORMAT = "dwarf-with-dsym";
				ENABLE_NS_ASSERTIONS = NO;
				ENABLE_STRICT_OBJC_MSGSEND = YES;
				GCC_C_LANGUAGE_STANDARD = gnu11;
				GCC_NO_COMMON_BLOCKS = YES;
				GCC_WARN_64_TO_32_BIT_CONVERSION = YES;
				GCC_WARN_ABOUT_RETURN_TYPE = YES_ERROR;
				GCC_WARN_UNDECLARED_SELECTOR = YES;
				GCC_WARN_UNINITIALIZED_AUTOS = YES_AGGRESSIVE;
				GCC_WARN_UNUSED_FUNCTION = YES;
				GCC_WARN_UNUSED_VARIABLE = YES;
				IPHONEOS_DEPLOYMENT_TARGET = 14.4;
				MTL_ENABLE_DEBUG_INFO = NO;
				MTL_FAST_MATH = YES;
				SDKROOT = iphoneos;
				SWIFT_COMPILATION_MODE = wholemodule;
				SWIFT_OPTIMIZATION_LEVEL = "-O";
				VALIDATE_PRODUCT = YES;
			};
			name = Release;
		};
		48E142DA274F7533007B3395 /* Debug */ = {
			isa = XCBuildConfiguration;
			buildSettings = {
				ASSETCATALOG_COMPILER_APPICON_NAME = AppIcon;
				ASSETCATALOG_COMPILER_GLOBAL_ACCENT_COLOR_NAME = AccentColor;
				CODE_SIGN_STYLE = Automatic;
				INFOPLIST_FILE = RickMortyV2/Info.plist;
				LD_RUNPATH_SEARCH_PATHS = (
					"$(inherited)",
					"@executable_path/Frameworks",
				);
				PRODUCT_BUNDLE_IDENTIFIER = fr.epita.RickMortyV2;
				PRODUCT_NAME = "$(TARGET_NAME)";
				SWIFT_VERSION = 5.0;
				TARGETED_DEVICE_FAMILY = "1,2";
			};
			name = Debug;
		};
		48E142DB274F7533007B3395 /* Release */ = {
			isa = XCBuildConfiguration;
			buildSettings = {
				ASSETCATALOG_COMPILER_APPICON_NAME = AppIcon;
				ASSETCATALOG_COMPILER_GLOBAL_ACCENT_COLOR_NAME = AccentColor;
				CODE_SIGN_STYLE = Automatic;
				INFOPLIST_FILE = RickMortyV2/Info.plist;
				LD_RUNPATH_SEARCH_PATHS = (
					"$(inherited)",
					"@executable_path/Frameworks",
				);
				PRODUCT_BUNDLE_IDENTIFIER = fr.epita.RickMortyV2;
				PRODUCT_NAME = "$(TARGET_NAME)";
				SWIFT_VERSION = 5.0;
				TARGETED_DEVICE_FAMILY = "1,2";
			};
			name = Release;
		};
/* End XCBuildConfiguration section */

/* Begin XCConfigurationList section */
		48E142C0274F7530007B3395 /* Build configuration list for PBXProject "RickMortyV2" */ = {
			isa = XCConfigurationList;
			buildConfigurations = (
				48E142D7274F7533007B3395 /* Debug */,
				48E142D8274F7533007B3395 /* Release */,
			);
			defaultConfigurationIsVisible = 0;
			defaultConfigurationName = Release;
		};
		48E142D9274F7533007B3395 /* Build configuration list for PBXNativeTarget "RickMortyV2" */ = {
			isa = XCConfigurationList;
			buildConfigurations = (
				48E142DA274F7533007B3395 /* Debug */,
				48E142DB274F7533007B3395 /* Release */,
			);
			defaultConfigurationIsVisible = 0;
			defaultConfigurationName = Release;
		};
/* End XCConfigurationList section */

/* Begin XCRemoteSwiftPackageReference section */
		48E142E1274F779B007B3395 /* XCRemoteSwiftPackageReference "Alamofire" */ = {
			isa = XCRemoteSwiftPackageReference;
			repositoryURL = "https://github.com/Alamofire/Alamofire";
			requirement = {
				kind = upToNextMajorVersion;
				minimumVersion = 5.4.4;
			};
		};
		48E142E5274F77C8007B3395 /* XCRemoteSwiftPackageReference "AlamofireImage" */ = {
			isa = XCRemoteSwiftPackageReference;
			repositoryURL = "https://github.com/Alamofire/AlamofireImage";
			requirement = {
				kind = upToNextMajorVersion;
				minimumVersion = 4.2.0;
			};
		};
		48E142E9274F77DD007B3395 /* XCRemoteSwiftPackageReference "ObjectMapper" */ = {
			isa = XCRemoteSwiftPackageReference;
			repositoryURL = "https://github.com/tristanhimmelman/ObjectMapper";
			requirement = {
				kind = upToNextMajorVersion;
				minimumVersion = 4.2.0;
			};
		};
/* End XCRemoteSwiftPackageReference section */

/* Begin XCSwiftPackageProductDependency section */
		48E142E2274F779B007B3395 /* Alamofire */ = {
			isa = XCSwiftPackageProductDependency;
			package = 48E142E1274F779B007B3395 /* XCRemoteSwiftPackageReference "Alamofire" */;
			productName = Alamofire;
		};
		48E142E6274F77C8007B3395 /* AlamofireImage */ = {
			isa = XCSwiftPackageProductDependency;
			package = 48E142E5274F77C8007B3395 /* XCRemoteSwiftPackageReference "AlamofireImage" */;
			productName = AlamofireImage;
		};
		48E142EA274F77DD007B3395 /* ObjectMapper */ = {
			isa = XCSwiftPackageProductDependency;
			package = 48E142E9274F77DD007B3395 /* XCRemoteSwiftPackageReference "ObjectMapper" */;
			productName = ObjectMapper;
		};
/* End XCSwiftPackageProductDependency section */
	};
	rootObject = 48E142BD274F7530007B3395 /* Project object */;
}
